
Microsoft Visual Studio Solution File, Format Version 12.00
# Visual Studio 14
VisualStudioVersion = 14.0.25420.1
MinimumVisualStudioVersion = 10.0.40219.1
Project("{F2A71F9B-5D33-465A-A702-920D77279786}") = "Imaging", "Imaging\Imaging.fsproj", "{203B3E34-DC63-448F-A3E9-E0CE2094370A}"
EndProject
Project("{2150E333-8FDC-42A3-9474-1A3956D46DE8}") = ".paket", ".paket", "{9E0196C0-7B25-4EBB-8DCC-9F2F659C91C6}"
	ProjectSection(SolutionItems) = preProject
		paket.dependencies = paket.dependencies
	EndProjectSection
EndProject
Project("{F2A71F9B-5D33-465A-A702-920D77279786}") = "test_imaging", "test_imaging\test_imaging.fsproj", "{88CEF285-3C61-4CFB-9031-D0CA129B509A}"
EndProject
Global
	GlobalSection(SolutionConfigurationPlatforms) = preSolution
		Debug|Any CPU = Debug|Any CPU
		Release|Any CPU = Release|Any CPU
	EndGlobalSection
	GlobalSection(ProjectConfigurationPlatforms) = postSolution
		{203B3E34-DC63-448F-A3E9-E0CE2094370A}.Debug|Any CPU.ActiveCfg = Debug|Any CPU
		{203B3E34-DC63-448F-A3E9-E0CE2094370A}.Debug|Any CPU.Build.0 = Debug|Any CPU
		{203B3E34-DC63-448F-A3E9-E0CE2094370A}.Release|Any CPU.ActiveCfg = Release|Any CPU
		{203B3E34-DC63-448F-A3E9-E0CE2094370A}.Release|Any CPU.Build.0 = Release|Any CPU
		{88CEF285-3C61-4CFB-9031-D0CA129B509A}.Debug|Any CPU.ActiveCfg = Debug|Any CPU
		{88CEF285-3C61-4CFB-9031-D0CA129B509A}.Debug|Any CPU.Build.0 = Debug|Any CPU
		{88CEF285-3C61-4CFB-9031-D0CA129B509A}.Release|Any CPU.ActiveCfg = Release|Any CPU
		{88CEF285-3C61-4CFB-9031-D0CA129B509A}.Release|Any CPU.Build.0 = Release|Any CPU
	EndGlobalSection
	GlobalSection(SolutionProperties) = preSolution
		HideSolutionNode = FALSE
	EndGlobalSection
EndGlobal
